
Microsoft Visual Studio Solution File, Format Version 12.00
# Visual Studio Version 16
VisualStudioVersion = 16.0.31313.381
MinimumVisualStudioVersion = 10.0.40219.1
Project("{FAE04EC0-301F-11D3-BF4B-00C04F79EFBC}") = "CqsDecorators", "CqsDecorators\CqsDecorators.csproj", "{2B0B2FD2-67B2-48E8-8301-13F736C89A20}"
EndProject
Global
	GlobalSection(SolutionConfigurationPlatforms) = preSolution
		Debug|Any CPU = Debug|Any CPU
		Release|Any CPU = Release|Any CPU
	EndGlobalSection
	GlobalSection(ProjectConfigurationPlatforms) = postSolution
		{2B0B2FD2-67B2-48E8-8301-13F736C89A20}.Debug|Any CPU.ActiveCfg = Debug|Any CPU
		{2B0B2FD2-67B2-48E8-8301-13F736C89A20}.Debug|Any CPU.Build.0 = Debug|Any CPU
		{2B0B2FD2-67B2-48E8-8301-13F736C89A20}.Release|Any CPU.ActiveCfg = Release|Any CPU
		{2B0B2FD2-67B2-48E8-8301-13F736C89A20}.Release|Any CPU.Build.0 = Release|Any CPU
	EndGlobalSection
	GlobalSection(SolutionProperties) = preSolution
		HideSolutionNode = FALSE
	EndGlobalSection
	GlobalSection(ExtensibilityGlobals) = postSolution
		SolutionGuid = {E13FA7C9-CE0E-432C-A9DC-0D83BFD602AE}
	EndGlobalSection
EndGlobal
